
Microsoft Visual Studio Solution File, Format Version 12.00
Project("{FAE04EC0-301F-11D3-BF4B-00C04F79EFBC}") = "SOLab1", "SOLab1.csproj", "{CD6AFC7F-3681-427E-A63A-FA3C2C98066C}"
EndProject
Global
	GlobalSection(SolutionConfigurationPlatforms) = preSolution
		Debug|Any CPU = Debug|Any CPU
		Release|Any CPU = Release|Any CPU
	EndGlobalSection
	GlobalSection(ProjectConfigurationPlatforms) = postSolution
		{CD6AFC7F-3681-427E-A63A-FA3C2C98066C}.Debug|Any CPU.ActiveCfg = Debug|Any CPU
		{CD6AFC7F-3681-427E-A63A-FA3C2C98066C}.Debug|Any CPU.Build.0 = Debug|Any CPU
		{CD6AFC7F-3681-427E-A63A-FA3C2C98066C}.Release|Any CPU.ActiveCfg = Release|Any CPU
		{CD6AFC7F-3681-427E-A63A-FA3C2C98066C}.Release|Any CPU.Build.0 = Release|Any CPU
	EndGlobalSection
EndGlobal
